
Microsoft Visual Studio Solution File, Format Version 12.00
# Visual Studio 2012
Project("{FAE04EC0-301F-11D3-BF4B-00C04F79EFBC}") = "Geocoding.Core.Algorithms.TieHandling.TypeManagers.Dev", "Geocoding.Core.Algorithms.TieHandling.TypeManagers.Dev.csproj", "{C67CADDA-C33E-46B0-A9BA-5A9436B1A32B}"
EndProject
Project("{FAE04EC0-301F-11D3-BF4B-00C04F79EFBC}") = "Geocoding.Core.Algorithms.TieHandling.Types.Dev", "..\..\..\Geocoding.Core.Algorithms.TieHandling.Types\src\Main\Geocoding.Core.Algorithms.TieHandling.Types.Dev.csproj", "{92552C9A-68D0-47AD-90A6-601674C5AE33}"
EndProject
Global
	GlobalSection(SolutionConfigurationPlatforms) = preSolution
		Debug|Any CPU = Debug|Any CPU
		Debug|x86 = Debug|x86
		Release|Any CPU = Release|Any CPU
		Release|x86 = Release|x86
	EndGlobalSection
	GlobalSection(ProjectConfigurationPlatforms) = postSolution
		{C67CADDA-C33E-46B0-A9BA-5A9436B1A32B}.Debug|Any CPU.ActiveCfg = Debug|Any CPU
		{C67CADDA-C33E-46B0-A9BA-5A9436B1A32B}.Debug|Any CPU.Build.0 = Debug|Any CPU
		{C67CADDA-C33E-46B0-A9BA-5A9436B1A32B}.Debug|x86.ActiveCfg = Debug|x86
		{C67CADDA-C33E-46B0-A9BA-5A9436B1A32B}.Debug|x86.Build.0 = Debug|x86
		{C67CADDA-C33E-46B0-A9BA-5A9436B1A32B}.Release|Any CPU.ActiveCfg = Release|Any CPU
		{C67CADDA-C33E-46B0-A9BA-5A9436B1A32B}.Release|Any CPU.Build.0 = Release|Any CPU
		{C67CADDA-C33E-46B0-A9BA-5A9436B1A32B}.Release|x86.ActiveCfg = Release|x86
		{C67CADDA-C33E-46B0-A9BA-5A9436B1A32B}.Release|x86.Build.0 = Release|x86
		{92552C9A-68D0-47AD-90A6-601674C5AE33}.Debug|Any CPU.ActiveCfg = Debug|Any CPU
		{92552C9A-68D0-47AD-90A6-601674C5AE33}.Debug|Any CPU.Build.0 = Debug|Any CPU
		{92552C9A-68D0-47AD-90A6-601674C5AE33}.Debug|x86.ActiveCfg = Debug|x86
		{92552C9A-68D0-47AD-90A6-601674C5AE33}.Debug|x86.Build.0 = Debug|x86
		{92552C9A-68D0-47AD-90A6-601674C5AE33}.Release|Any CPU.ActiveCfg = Release|Any CPU
		{92552C9A-68D0-47AD-90A6-601674C5AE33}.Release|Any CPU.Build.0 = Release|Any CPU
		{92552C9A-68D0-47AD-90A6-601674C5AE33}.Release|x86.ActiveCfg = Release|x86
		{92552C9A-68D0-47AD-90A6-601674C5AE33}.Release|x86.Build.0 = Release|x86
	EndGlobalSection
	GlobalSection(SolutionProperties) = preSolution
		HideSolutionNode = FALSE
	EndGlobalSection
EndGlobal
